// !$*UTF8*$!
{
	archiveVersion = 1;
	classes = {
	};
	objectVersion = 51;
	objects = {

/* Begin PBXBuildFile section */
		B6E6375A7BB2A6F1EA6539D1 /* Pods_ChatRAFT__iOS_.framework in Frameworks */ = {isa = PBXBuildFile; fileRef = 45587B648C500CC0F982F823 /* Pods_ChatRAFT__iOS_.framework */; };
		B92623E2258A4F23005E3D0E /* HomeViewModel.swift in Sources */ = {isa = PBXBuildFile; fileRef = B92623E1258A4F23005E3D0E /* HomeViewModel.swift */; };
		B92623E6258A4F68005E3D0E /* SingInViewModel.swift in Sources */ = {isa = PBXBuildFile; fileRef = B92623E5258A4F68005E3D0E /* SingInViewModel.swift */; };
		B92623E9258A4F83005E3D0E /* GeopositionsViewModel.swift in Sources */ = {isa = PBXBuildFile; fileRef = B92623E8258A4F83005E3D0E /* GeopositionsViewModel.swift */; };
		B92623EC258A4FD6005E3D0E /* SettingsViewModel.swift in Sources */ = {isa = PBXBuildFile; fileRef = B92623EB258A4FD6005E3D0E /* SettingsViewModel.swift */; };
		B92623F2258A591F005E3D0E /* MessegeViewModel.swift in Sources */ = {isa = PBXBuildFile; fileRef = B92623F1258A591F005E3D0E /* MessegeViewModel.swift */; };
		B92623F7258A59AE005E3D0E /* SingUpViewModel.swift in Sources */ = {isa = PBXBuildFile; fileRef = B92623F6258A59AE005E3D0E /* SingUpViewModel.swift */; };
		B92623FA258A59E9005E3D0E /* ChatViewModel.swift in Sources */ = {isa = PBXBuildFile; fileRef = B92623F9258A59E9005E3D0E /* ChatViewModel.swift */; };
		B953224F257EB08100BABBD4 /* ChatRAFTApp.swift in Sources */ = {isa = PBXBuildFile; fileRef = B953223C257EB07D00BABBD4 /* ChatRAFTApp.swift */; };
		B9532253257EB08100BABBD4 /* Assets.xcassets in Resources */ = {isa = PBXBuildFile; fileRef = B953223E257EB08000BABBD4 /* Assets.xcassets */; };
		B96B25082583F8C600522F1C /* SettingsView.swift in Sources */ = {isa = PBXBuildFile; fileRef = B96B25072583F8C600522F1C /* SettingsView.swift */; };
		B96B250D2583F9E000522F1C /* GeopositionsView.swift in Sources */ = {isa = PBXBuildFile; fileRef = B96B250C2583F9E000522F1C /* GeopositionsView.swift */; };
		B96B25122583FA1400522F1C /* MembersView.swift in Sources */ = {isa = PBXBuildFile; fileRef = B96B25112583FA1400522F1C /* MembersView.swift */; };
		B96B251B2585562000522F1C /* FirebaseServices.swift in Sources */ = {isa = PBXBuildFile; fileRef = B96B251A2585562000522F1C /* FirebaseServices.swift */; };
		B97111EF258BFE190091E1CB /* GroupSelectView.swift in Sources */ = {isa = PBXBuildFile; fileRef = B97111EE258BFE190091E1CB /* GroupSelectView.swift */; };
		B97111F1258C03CC0091E1CB /* SwiftUIView.swift in Sources */ = {isa = PBXBuildFile; fileRef = B9F028B9257ED56100D717F7 /* SwiftUIView.swift */; };
		B9F028E02581200400D717F7 /* MessegeView.swift in Sources */ = {isa = PBXBuildFile; fileRef = B9F028DF2581200400D717F7 /* MessegeView.swift */; };
		B9F028E52581208600D717F7 /* ChatView.swift in Sources */ = {isa = PBXBuildFile; fileRef = B9F028E42581208600D717F7 /* ChatView.swift */; };
		B9F02903258128B700D717F7 /* GoogleService-Info.plist in Resources */ = {isa = PBXBuildFile; fileRef = B953225F257EB25E00BABBD4 /* GoogleService-Info.plist */; };
		B9F02907258264A900D717F7 /* Model.swift in Sources */ = {isa = PBXBuildFile; fileRef = B9F02906258264A900D717F7 /* Model.swift */; };
		B9F0290C25826FE000D717F7 /* HomeView.swift in Sources */ = {isa = PBXBuildFile; fileRef = B9F0290B25826FE000D717F7 /* HomeView.swift */; };
/* End PBXBuildFile section */

/* Begin PBXFileReference section */
		1A58EBE1A98E4F8C55DC494B /* Pods-ChatRAFT (iOS).debug.xcconfig */ = {isa = PBXFileReference; includeInIndex = 1; lastKnownFileType = text.xcconfig; name = "Pods-ChatRAFT (iOS).debug.xcconfig"; path = "Target Support Files/Pods-ChatRAFT (iOS)/Pods-ChatRAFT (iOS).debug.xcconfig"; sourceTree = "<group>"; };
		3A525EE1CADBFE20D2A64EF2 /* Pods-ChatRAFT (macOS).release.xcconfig */ = {isa = PBXFileReference; includeInIndex = 1; lastKnownFileType = text.xcconfig; name = "Pods-ChatRAFT (macOS).release.xcconfig"; path = "Target Support Files/Pods-ChatRAFT (macOS)/Pods-ChatRAFT (macOS).release.xcconfig"; sourceTree = "<group>"; };
		45587B648C500CC0F982F823 /* Pods_ChatRAFT__iOS_.framework */ = {isa = PBXFileReference; explicitFileType = wrapper.framework; includeInIndex = 0; path = Pods_ChatRAFT__iOS_.framework; sourceTree = BUILT_PRODUCTS_DIR; };
		4702346787F4E5CA2FB612EA /* Pods_ChatRAFT__macOS_.framework */ = {isa = PBXFileReference; explicitFileType = wrapper.framework; includeInIndex = 0; path = Pods_ChatRAFT__macOS_.framework; sourceTree = BUILT_PRODUCTS_DIR; };
		556F09D01F5175899E002CDD /* Pods-ChatRAFT (macOS).debug.xcconfig */ = {isa = PBXFileReference; includeInIndex = 1; lastKnownFileType = text.xcconfig; name = "Pods-ChatRAFT (macOS).debug.xcconfig"; path = "Target Support Files/Pods-ChatRAFT (macOS)/Pods-ChatRAFT (macOS).debug.xcconfig"; sourceTree = "<group>"; };
		B92623E1258A4F23005E3D0E /* HomeViewModel.swift */ = {isa = PBXFileReference; lastKnownFileType = sourcecode.swift; path = HomeViewModel.swift; sourceTree = "<group>"; };
		B92623E5258A4F68005E3D0E /* SingInViewModel.swift */ = {isa = PBXFileReference; lastKnownFileType = sourcecode.swift; path = SingInViewModel.swift; sourceTree = "<group>"; };
		B92623E8258A4F83005E3D0E /* GeopositionsViewModel.swift */ = {isa = PBXFileReference; lastKnownFileType = sourcecode.swift; path = GeopositionsViewModel.swift; sourceTree = "<group>"; };
		B92623EB258A4FD6005E3D0E /* SettingsViewModel.swift */ = {isa = PBXFileReference; lastKnownFileType = sourcecode.swift; path = SettingsViewModel.swift; sourceTree = "<group>"; };
		B92623F1258A591F005E3D0E /* MessegeViewModel.swift */ = {isa = PBXFileReference; lastKnownFileType = sourcecode.swift; path = MessegeViewModel.swift; sourceTree = "<group>"; };
		B92623F6258A59AE005E3D0E /* SingUpViewModel.swift */ = {isa = PBXFileReference; lastKnownFileType = sourcecode.swift; path = SingUpViewModel.swift; sourceTree = "<group>"; };
		B92623F9258A59E9005E3D0E /* ChatViewModel.swift */ = {isa = PBXFileReference; lastKnownFileType = sourcecode.swift; path = ChatViewModel.swift; sourceTree = "<group>"; };
		B953223C257EB07D00BABBD4 /* ChatRAFTApp.swift */ = {isa = PBXFileReference; lastKnownFileType = sourcecode.swift; path = ChatRAFTApp.swift; sourceTree = "<group>"; };
		B953223E257EB08000BABBD4 /* Assets.xcassets */ = {isa = PBXFileReference; lastKnownFileType = folder.assetcatalog; path = Assets.xcassets; sourceTree = "<group>"; };
		B9532243257EB08000BABBD4 /* ChatRAFT.app */ = {isa = PBXFileReference; explicitFileType = wrapper.application; includeInIndex = 0; path = ChatRAFT.app; sourceTree = BUILT_PRODUCTS_DIR; };
		B9532246257EB08000BABBD4 /* Info.plist */ = {isa = PBXFileReference; lastKnownFileType = text.plist.xml; path = Info.plist; sourceTree = "<group>"; };
		B953225F257EB25E00BABBD4 /* GoogleService-Info.plist */ = {isa = PBXFileReference; fileEncoding = 4; lastKnownFileType = text.plist.xml; path = "GoogleService-Info.plist"; sourceTree = "<group>"; };
		B96B25072583F8C600522F1C /* SettingsView.swift */ = {isa = PBXFileReference; lastKnownFileType = sourcecode.swift; path = SettingsView.swift; sourceTree = "<group>"; };
		B96B250C2583F9E000522F1C /* GeopositionsView.swift */ = {isa = PBXFileReference; lastKnownFileType = sourcecode.swift; path = GeopositionsView.swift; sourceTree = "<group>"; };
		B96B25112583FA1400522F1C /* MembersView.swift */ = {isa = PBXFileReference; lastKnownFileType = sourcecode.swift; path = MembersView.swift; sourceTree = "<group>"; };
		B96B251A2585562000522F1C /* FirebaseServices.swift */ = {isa = PBXFileReference; lastKnownFileType = sourcecode.swift; path = FirebaseServices.swift; sourceTree = "<group>"; };
		B97111EE258BFE190091E1CB /* GroupSelectView.swift */ = {isa = PBXFileReference; lastKnownFileType = sourcecode.swift; path = GroupSelectView.swift; sourceTree = "<group>"; };
		B9F028B9257ED56100D717F7 /* SwiftUIView.swift */ = {isa = PBXFileReference; lastKnownFileType = sourcecode.swift; path = SwiftUIView.swift; sourceTree = "<group>"; };
		B9F028D525811E6900D717F7 /* FirebaseMessegerModel.swift */ = {isa = PBXFileReference; lastKnownFileType = sourcecode.swift; path = FirebaseMessegerModel.swift; sourceTree = "<group>"; };
		B9F028DF2581200400D717F7 /* MessegeView.swift */ = {isa = PBXFileReference; lastKnownFileType = sourcecode.swift; path = MessegeView.swift; sourceTree = "<group>"; };
		B9F028E42581208600D717F7 /* ChatView.swift */ = {isa = PBXFileReference; lastKnownFileType = sourcecode.swift; path = ChatView.swift; sourceTree = "<group>"; };
		B9F02906258264A900D717F7 /* Model.swift */ = {isa = PBXFileReference; lastKnownFileType = sourcecode.swift; path = Model.swift; sourceTree = "<group>"; };
		B9F0290B25826FE000D717F7 /* HomeView.swift */ = {isa = PBXFileReference; lastKnownFileType = sourcecode.swift; path = HomeView.swift; sourceTree = "<group>"; };
		E999BE46795347ECB0C1BF82 /* Pods-ChatRAFT (iOS).release.xcconfig */ = {isa = PBXFileReference; includeInIndex = 1; lastKnownFileType = text.xcconfig; name = "Pods-ChatRAFT (iOS).release.xcconfig"; path = "Target Support Files/Pods-ChatRAFT (iOS)/Pods-ChatRAFT (iOS).release.xcconfig"; sourceTree = "<group>"; };
/* End PBXFileReference section */

/* Begin PBXFrameworksBuildPhase section */
		B9532240257EB08000BABBD4 /* Frameworks */ = {
			isa = PBXFrameworksBuildPhase;
			buildActionMask = 2147483647;
			files = (
				B6E6375A7BB2A6F1EA6539D1 /* Pods_ChatRAFT__iOS_.framework in Frameworks */,
			);
			runOnlyForDeploymentPostprocessing = 0;
		};
/* End PBXFrameworksBuildPhase section */

/* Begin PBXGroup section */
		0031F629004FDB7EA198E923 /* Frameworks */ = {
			isa = PBXGroup;
			children = (
				45587B648C500CC0F982F823 /* Pods_ChatRAFT__iOS_.framework */,
				4702346787F4E5CA2FB612EA /* Pods_ChatRAFT__macOS_.framework */,
			);
			name = Frameworks;
			sourceTree = "<group>";
		};
		168C48F6D8CC980097D989E0 /* Pods */ = {
			isa = PBXGroup;
			children = (
				1A58EBE1A98E4F8C55DC494B /* Pods-ChatRAFT (iOS).debug.xcconfig */,
				E999BE46795347ECB0C1BF82 /* Pods-ChatRAFT (iOS).release.xcconfig */,
				556F09D01F5175899E002CDD /* Pods-ChatRAFT (macOS).debug.xcconfig */,
				3A525EE1CADBFE20D2A64EF2 /* Pods-ChatRAFT (macOS).release.xcconfig */,
			);
			path = Pods;
			sourceTree = "<group>";
		};
		B92623EF258A4FE3005E3D0E /* ViewModels */ = {
			isa = PBXGroup;
			children = (
				B92623F1258A591F005E3D0E /* MessegeViewModel.swift */,
				B92623F6258A59AE005E3D0E /* SingUpViewModel.swift */,
				B92623E1258A4F23005E3D0E /* HomeViewModel.swift */,
				B92623E5258A4F68005E3D0E /* SingInViewModel.swift */,
				B92623F9258A59E9005E3D0E /* ChatViewModel.swift */,
				B92623E8258A4F83005E3D0E /* GeopositionsViewModel.swift */,
				B92623EB258A4FD6005E3D0E /* SettingsViewModel.swift */,
			);
			path = ViewModels;
			sourceTree = "<group>";
		};
		B92623FC258A5A6A005E3D0E /* Services */ = {
			isa = PBXGroup;
			children = (
				B96B251A2585562000522F1C /* FirebaseServices.swift */,
			);
			path = Services;
			sourceTree = "<group>";
		};
		B92623FD258A5A7A005E3D0E /* Core */ = {
			isa = PBXGroup;
			children = (
				B953223C257EB07D00BABBD4 /* ChatRAFTApp.swift */,
				B9F02906258264A900D717F7 /* Model.swift */,
			);
			path = Core;
			sourceTree = "<group>";
		};
		B9262403258A5BBF005E3D0E /* Shit */ = {
			isa = PBXGroup;
			children = (
				B9F028B9257ED56100D717F7 /* SwiftUIView.swift */,
				B9F028D525811E6900D717F7 /* FirebaseMessegerModel.swift */,
			);
			path = Shit;
			sourceTree = "<group>";
		};
		B9532236257EB07C00BABBD4 = {
			isa = PBXGroup;
			children = (
				B953223B257EB07D00BABBD4 /* Shared */,
				B9532245257EB08000BABBD4 /* iOS */,
				B9532244257EB08000BABBD4 /* Products */,
				168C48F6D8CC980097D989E0 /* Pods */,
				0031F629004FDB7EA198E923 /* Frameworks */,
			);
			sourceTree = "<group>";
		};
		B953223B257EB07D00BABBD4 /* Shared */ = {
			isa = PBXGroup;
			children = (
				B953225F257EB25E00BABBD4 /* GoogleService-Info.plist */,
				B9262403258A5BBF005E3D0E /* Shit */,
				B953223E257EB08000BABBD4 /* Assets.xcassets */,
				B92623FD258A5A7A005E3D0E /* Core */,
				B92623FC258A5A6A005E3D0E /* Services */,
				B92623EF258A4FE3005E3D0E /* ViewModels */,
				B96B25172583FA3100522F1C /* Views */,
			);
			path = Shared;
			sourceTree = "<group>";
		};
		B9532244257EB08000BABBD4 /* Products */ = {
			isa = PBXGroup;
			children = (
				B9532243257EB08000BABBD4 /* ChatRAFT.app */,
			);
			name = Products;
			sourceTree = "<group>";
		};
		B9532245257EB08000BABBD4 /* iOS */ = {
			isa = PBXGroup;
			children = (
				B9532246257EB08000BABBD4 /* Info.plist */,
			);
			path = iOS;
			sourceTree = "<group>";
		};
		B96B25172583FA3100522F1C /* Views */ = {
			isa = PBXGroup;
			children = (
				B9F028DF2581200400D717F7 /* MessegeView.swift */,
				B97111EE258BFE190091E1CB /* GroupSelectView.swift */,
				B9F028E42581208600D717F7 /* ChatView.swift */,
				B9F0290B25826FE000D717F7 /* HomeView.swift */,
				B96B25112583FA1400522F1C /* MembersView.swift */,
				B96B250C2583F9E000522F1C /* GeopositionsView.swift */,
				B96B25072583F8C600522F1C /* SettingsView.swift */,
			);
			path = Views;
			sourceTree = "<group>";
		};
/* End PBXGroup section */

/* Begin PBXNativeTarget section */
		B9532242257EB08000BABBD4 /* ChatRAFT (iOS) */ = {
			isa = PBXNativeTarget;
			buildConfigurationList = B9532257257EB08100BABBD4 /* Build configuration list for PBXNativeTarget "ChatRAFT (iOS)" */;
			buildPhases = (
				53DC06CCF889B1A56C511C8C /* [CP] Check Pods Manifest.lock */,
				B953223F257EB08000BABBD4 /* Sources */,
				B9532240257EB08000BABBD4 /* Frameworks */,
				B9532241257EB08000BABBD4 /* Resources */,
				2F5431BFE1C735AB46DF2BA0 /* [CP] Embed Pods Frameworks */,
			);
			buildRules = (
			);
			dependencies = (
			);
			name = "ChatRAFT (iOS)";
			productName = "ChatRAFT (iOS)";
			productReference = B9532243257EB08000BABBD4 /* ChatRAFT.app */;
			productType = "com.apple.product-type.application";
		};
/* End PBXNativeTarget section */

/* Begin PBXProject section */
		B9532237257EB07C00BABBD4 /* Project object */ = {
			isa = PBXProject;
			attributes = {
				LastSwiftUpdateCheck = 1220;
				LastUpgradeCheck = 1220;
				TargetAttributes = {
					B9532242257EB08000BABBD4 = {
						CreatedOnToolsVersion = 12.2;
					};
				};
			};
			buildConfigurationList = B953223A257EB07C00BABBD4 /* Build configuration list for PBXProject "ChatRAFT" */;
			compatibilityVersion = "Xcode 9.3";
			developmentRegion = en;
			hasScannedForEncodings = 0;
			knownRegions = (
				en,
				Base,
			);
			mainGroup = B9532236257EB07C00BABBD4;
			productRefGroup = B9532244257EB08000BABBD4 /* Products */;
			projectDirPath = "";
			projectRoot = "";
			targets = (
				B9532242257EB08000BABBD4 /* ChatRAFT (iOS) */,
			);
		};
/* End PBXProject section */

/* Begin PBXResourcesBuildPhase section */
		B9532241257EB08000BABBD4 /* Resources */ = {
			isa = PBXResourcesBuildPhase;
			buildActionMask = 2147483647;
			files = (
				B9532253257EB08100BABBD4 /* Assets.xcassets in Resources */,
				B9F02903258128B700D717F7 /* GoogleService-Info.plist in Resources */,
			);
			runOnlyForDeploymentPostprocessing = 0;
		};
/* End PBXResourcesBuildPhase section */

/* Begin PBXShellScriptBuildPhase section */
		2F5431BFE1C735AB46DF2BA0 /* [CP] Embed Pods Frameworks */ = {
			isa = PBXShellScriptBuildPhase;
			buildActionMask = 2147483647;
			files = (
			);
			inputFileListPaths = (
				"${PODS_ROOT}/Target Support Files/Pods-ChatRAFT (iOS)/Pods-ChatRAFT (iOS)-frameworks-${CONFIGURATION}-input-files.xcfilelist",
			);
			name = "[CP] Embed Pods Frameworks";
			outputFileListPaths = (
				"${PODS_ROOT}/Target Support Files/Pods-ChatRAFT (iOS)/Pods-ChatRAFT (iOS)-frameworks-${CONFIGURATION}-output-files.xcfilelist",
			);
			runOnlyForDeploymentPostprocessing = 0;
			shellPath = /bin/sh;
			shellScript = "\"${PODS_ROOT}/Target Support Files/Pods-ChatRAFT (iOS)/Pods-ChatRAFT (iOS)-frameworks.sh\"\n";
			showEnvVarsInLog = 0;
		};
		53DC06CCF889B1A56C511C8C /* [CP] Check Pods Manifest.lock */ = {
			isa = PBXShellScriptBuildPhase;
			buildActionMask = 2147483647;
			files = (
			);
			inputFileListPaths = (
			);
			inputPaths = (
				"${PODS_PODFILE_DIR_PATH}/Podfile.lock",
				"${PODS_ROOT}/Manifest.lock",
			);
			name = "[CP] Check Pods Manifest.lock";
			outputFileListPaths = (
			);
			outputPaths = (
				"$(DERIVED_FILE_DIR)/Pods-ChatRAFT (iOS)-checkManifestLockResult.txt",
			);
			runOnlyForDeploymentPostprocessing = 0;
			shellPath = /bin/sh;
			shellScript = "diff \"${PODS_PODFILE_DIR_PATH}/Podfile.lock\" \"${PODS_ROOT}/Manifest.lock\" > /dev/null\nif [ $? != 0 ] ; then\n    # print error to STDERR\n    echo \"error: The sandbox is not in sync with the Podfile.lock. Run 'pod install' or update your CocoaPods installation.\" >&2\n    exit 1\nfi\n# This output is used by Xcode 'outputs' to avoid re-running this script phase.\necho \"SUCCESS\" > \"${SCRIPT_OUTPUT_FILE_0}\"\n";
			showEnvVarsInLog = 0;
		};
/* End PBXShellScriptBuildPhase section */

/* Begin PBXSourcesBuildPhase section */
		B953223F257EB08000BABBD4 /* Sources */ = {
			isa = PBXSourcesBuildPhase;
			buildActionMask = 2147483647;
			files = (
				B9F0290C25826FE000D717F7 /* HomeView.swift in Sources */,
				B92623F2258A591F005E3D0E /* MessegeViewModel.swift in Sources */,
				B97111F1258C03CC0091E1CB /* SwiftUIView.swift in Sources */,
				B96B25122583FA1400522F1C /* MembersView.swift in Sources */,
				B953224F257EB08100BABBD4 /* ChatRAFTApp.swift in Sources */,
				B92623E9258A4F83005E3D0E /* GeopositionsViewModel.swift in Sources */,
				B9F02907258264A900D717F7 /* Model.swift in Sources */,
				B96B25082583F8C600522F1C /* SettingsView.swift in Sources */,
				B92623EC258A4FD6005E3D0E /* SettingsViewModel.swift in Sources */,
				B92623E6258A4F68005E3D0E /* SingInViewModel.swift in Sources */,
				B92623FA258A59E9005E3D0E /* ChatViewModel.swift in Sources */,
				B9F028E02581200400D717F7 /* MessegeView.swift in Sources */,
				B92623F7258A59AE005E3D0E /* SingUpViewModel.swift in Sources */,
				B96B250D2583F9E000522F1C /* GeopositionsView.swift in Sources */,
				B92623E2258A4F23005E3D0E /* HomeViewModel.swift in Sources */,
				B9F028E52581208600D717F7 /* ChatView.swift in Sources */,
				B96B251B2585562000522F1C /* FirebaseServices.swift in Sources */,
				B97111EF258BFE190091E1CB /* GroupSelectView.swift in Sources */,
			);
			runOnlyForDeploymentPostprocessing = 0;
		};
/* End PBXSourcesBuildPhase section */

/* Begin XCBuildConfiguration section */
		B9532255257EB08100BABBD4 /* Debug */ = {
			isa = XCBuildConfiguration;
			buildSettings = {
				ALWAYS_SEARCH_USER_PATHS = NO;
				CLANG_ANALYZER_NONNULL = YES;
				CLANG_ANALYZER_NUMBER_OBJECT_CONVERSION = YES_AGGRESSIVE;
				CLANG_CXX_LANGUAGE_STANDARD = "gnu++14";
				CLANG_CXX_LIBRARY = "libc++";
				CLANG_ENABLE_MODULES = YES;
				CLANG_ENABLE_OBJC_ARC = YES;
				CLANG_ENABLE_OBJC_WEAK = YES;
				CLANG_WARN_BLOCK_CAPTURE_AUTORELEASING = YES;
				CLANG_WARN_BOOL_CONVERSION = YES;
				CLANG_WARN_COMMA = YES;
				CLANG_WARN_CONSTANT_CONVERSION = YES;
				CLANG_WARN_DEPRECATED_OBJC_IMPLEMENTATIONS = YES;
				CLANG_WARN_DIRECT_OBJC_ISA_USAGE = YES_ERROR;
				CLANG_WARN_DOCUMENTATION_COMMENTS = YES;
				CLANG_WARN_EMPTY_BODY = YES;
				CLANG_WARN_ENUM_CONVERSION = YES;
				CLANG_WARN_INFINITE_RECURSION = YES;
				CLANG_WARN_INT_CONVERSION = YES;
				CLANG_WARN_NON_LITERAL_NULL_CONVERSION = YES;
				CLANG_WARN_OBJC_IMPLICIT_RETAIN_SELF = YES;
				CLANG_WARN_OBJC_LITERAL_CONVERSION = YES;
				CLANG_WARN_OBJC_ROOT_CLASS = YES_ERROR;
				CLANG_WARN_QUOTED_INCLUDE_IN_FRAMEWORK_HEADER = YES;
				CLANG_WARN_RANGE_LOOP_ANALYSIS = YES;
				CLANG_WARN_STRICT_PROTOTYPES = YES;
				CLANG_WARN_SUSPICIOUS_MOVE = YES;
				CLANG_WARN_UNGUARDED_AVAILABILITY = YES_AGGRESSIVE;
				CLANG_WARN_UNREACHABLE_CODE = YES;
				CLANG_WARN__DUPLICATE_METHOD_MATCH = YES;
				COPY_PHASE_STRIP = NO;
				DEBUG_INFORMATION_FORMAT = dwarf;
				ENABLE_STRICT_OBJC_MSGSEND = YES;
				ENABLE_TESTABILITY = YES;
				GCC_C_LANGUAGE_STANDARD = gnu11;
				GCC_DYNAMIC_NO_PIC = NO;
				GCC_NO_COMMON_BLOCKS = YES;
				GCC_OPTIMIZATION_LEVEL = 0;
				GCC_PREPROCESSOR_DEFINITIONS = (
					"DEBUG=1",
					"$(inherited)",
				);
				GCC_WARN_64_TO_32_BIT_CONVERSION = YES;
				GCC_WARN_ABOUT_RETURN_TYPE = YES_ERROR;
				GCC_WARN_UNDECLARED_SELECTOR = YES;
				GCC_WARN_UNINITIALIZED_AUTOS = YES_AGGRESSIVE;
				GCC_WARN_UNUSED_FUNCTION = YES;
				GCC_WARN_UNUSED_VARIABLE = YES;
				MTL_ENABLE_DEBUG_INFO = INCLUDE_SOURCE;
				MTL_FAST_MATH = YES;
				ONLY_ACTIVE_ARCH = YES;
				SWIFT_ACTIVE_COMPILATION_CONDITIONS = DEBUG;
				SWIFT_OPTIMIZATION_LEVEL = "-Onone";
			};
			name = Debug;
		};
		B9532256257EB08100BABBD4 /* Release */ = {
			isa = XCBuildConfiguration;
			buildSettings = {
				ALWAYS_SEARCH_USER_PATHS = NO;
				CLANG_ANALYZER_NONNULL = YES;
				CLANG_ANALYZER_NUMBER_OBJECT_CONVERSION = YES_AGGRESSIVE;
				CLANG_CXX_LANGUAGE_STANDARD = "gnu++14";
				CLANG_CXX_LIBRARY = "libc++";
				CLANG_ENABLE_MODULES = YES;
				CLANG_ENABLE_OBJC_ARC = YES;
				CLANG_ENABLE_OBJC_WEAK = YES;
				CLANG_WARN_BLOCK_CAPTURE_AUTORELEASING = YES;
				CLANG_WARN_BOOL_CONVERSION = YES;
				CLANG_WARN_COMMA = YES;
				CLANG_WARN_CONSTANT_CONVERSION = YES;
				CLANG_WARN_DEPRECATED_OBJC_IMPLEMENTATIONS = YES;
				CLANG_WARN_DIRECT_OBJC_ISA_USAGE = YES_ERROR;
				CLANG_WARN_DOCUMENTATION_COMMENTS = YES;
				CLANG_WARN_EMPTY_BODY = YES;
				CLANG_WARN_ENUM_CONVERSION = YES;
				CLANG_WARN_INFINITE_RECURSION = YES;
				CLANG_WARN_INT_CONVERSION = YES;
				CLANG_WARN_NON_LITERAL_NULL_CONVERSION = YES;
				CLANG_WARN_OBJC_IMPLICIT_RETAIN_SELF = YES;
				CLANG_WARN_OBJC_LITERAL_CONVERSION = YES;
				CLANG_WARN_OBJC_ROOT_CLASS = YES_ERROR;
				CLANG_WARN_QUOTED_INCLUDE_IN_FRAMEWORK_HEADER = YES;
				CLANG_WARN_RANGE_LOOP_ANALYSIS = YES;
				CLANG_WARN_STRICT_PROTOTYPES = YES;
				CLANG_WARN_SUSPICIOUS_MOVE = YES;
				CLANG_WARN_UNGUARDED_AVAILABILITY = YES_AGGRESSIVE;
				CLANG_WARN_UNREACHABLE_CODE = YES;
				CLANG_WARN__DUPLICATE_METHOD_MATCH = YES;
				COPY_PHASE_STRIP = NO;
				DEBUG_INFORMATION_FORMAT = "dwarf-with-dsym";
				ENABLE_NS_ASSERTIONS = NO;
				ENABLE_STRICT_OBJC_MSGSEND = YES;
				GCC_C_LANGUAGE_STANDARD = gnu11;
				GCC_NO_COMMON_BLOCKS = YES;
				GCC_WARN_64_TO_32_BIT_CONVERSION = YES;
				GCC_WARN_ABOUT_RETURN_TYPE = YES_ERROR;
				GCC_WARN_UNDECLARED_SELECTOR = YES;
				GCC_WARN_UNINITIALIZED_AUTOS = YES_AGGRESSIVE;
				GCC_WARN_UNUSED_FUNCTION = YES;
				GCC_WARN_UNUSED_VARIABLE = YES;
				MTL_ENABLE_DEBUG_INFO = NO;
				MTL_FAST_MATH = YES;
				SWIFT_COMPILATION_MODE = wholemodule;
				SWIFT_OPTIMIZATION_LEVEL = "-O";
			};
			name = Release;
		};
		B9532258257EB08100BABBD4 /* Debug */ = {
			isa = XCBuildConfiguration;
			baseConfigurationReference = 1A58EBE1A98E4F8C55DC494B /* Pods-ChatRAFT (iOS).debug.xcconfig */;
			buildSettings = {
				ASSETCATALOG_COMPILER_APPICON_NAME = AppIcon;
				ASSETCATALOG_COMPILER_GLOBAL_ACCENT_COLOR_NAME = AccentColor;
				CODE_SIGN_STYLE = Automatic;
				DEVELOPMENT_TEAM = BLNT6PK7D8;
				ENABLE_PREVIEWS = YES;
				INFOPLIST_FILE = iOS/Info.plist;
				IPHONEOS_DEPLOYMENT_TARGET = 14.0;
				LD_RUNPATH_SEARCH_PATHS = (
					"$(inherited)",
					"@executable_path/Frameworks",
				);
				PRODUCT_BUNDLE_IDENTIFIER = Tyuneev.ChatRAFT;
				PRODUCT_NAME = ChatRAFT;
				SDKROOT = iphoneos;
				SWIFT_VERSION = 5.0;
				TARGETED_DEVICE_FAMILY = "1,2";
			};
			name = Debug;
		};
		B9532259257EB08100BABBD4 /* Release */ = {
			isa = XCBuildConfiguration;
			baseConfigurationReference = E999BE46795347ECB0C1BF82 /* Pods-ChatRAFT (iOS).release.xcconfig */;
			buildSettings = {
				ASSETCATALOG_COMPILER_APPICON_NAME = AppIcon;
				ASSETCATALOG_COMPILER_GLOBAL_ACCENT_COLOR_NAME = AccentColor;
				CODE_SIGN_STYLE = Automatic;
				DEVELOPMENT_TEAM = BLNT6PK7D8;
				ENABLE_PREVIEWS = YES;
				INFOPLIST_FILE = iOS/Info.plist;
				IPHONEOS_DEPLOYMENT_TARGET = 14.0;
				LD_RUNPATH_SEARCH_PATHS = (
					"$(inherited)",
					"@executable_path/Frameworks",
				);
				PRODUCT_BUNDLE_IDENTIFIER = Tyuneev.ChatRAFT;
				PRODUCT_NAME = ChatRAFT;
				SDKROOT = iphoneos;
				SWIFT_VERSION = 5.0;
				TARGETED_DEVICE_FAMILY = "1,2";
				VALIDATE_PRODUCT = YES;
			};
			name = Release;
		};
/* End XCBuildConfiguration section */

/* Begin XCConfigurationList section */
		B953223A257EB07C00BABBD4 /* Build configuration list for PBXProject "ChatRAFT" */ = {
			isa = XCConfigurationList;
			buildConfigurations = (
				B9532255257EB08100BABBD4 /* Debug */,
				B9532256257EB08100BABBD4 /* Release */,
			);
			defaultConfigurationIsVisible = 0;
			defaultConfigurationName = Release;
		};
		B9532257257EB08100BABBD4 /* Build configuration list for PBXNativeTarget "ChatRAFT (iOS)" */ = {
			isa = XCConfigurationList;
			buildConfigurations = (
				B9532258257EB08100BABBD4 /* Debug */,
				B9532259257EB08100BABBD4 /* Release */,
			);
			defaultConfigurationIsVisible = 0;
			defaultConfigurationName = Release;
		};
/* End XCConfigurationList section */
	};
	rootObject = B9532237257EB07C00BABBD4 /* Project object */;
}
